
Microsoft Visual Studio Solution File, Format Version 12.00
# Visual Studio Version 16
VisualStudioVersion = 16.0.30804.86
MinimumVisualStudioVersion = 10.0.40219.1
Project("{9A19103F-16F7-4668-BE54-9A1E7A4F7556}") = "BlockBase.Dapps.CloudManager.Utils", "BlockBase.Dapps.CloudManager.Utils\BlockBase.Dapps.CloudManager.Utils.csproj", "{7169017D-0DB2-4229-8761-E903177061F8}"
EndProject
Project("{9A19103F-16F7-4668-BE54-9A1E7A4F7556}") = "BlockBase.Dapps.CloudManager.WebApp", "BlockBase.Dapps.CloudManager.WebApp\BlockBase.Dapps.CloudManager.WebApp.csproj", "{3EF71A59-FB1B-429A-88F3-75E21D19AE08}"
EndProject
Project("{9A19103F-16F7-4668-BE54-9A1E7A4F7556}") = "BlockBase.Dapps.CloudManager.Services", "BlockBase.Dapps.CloudManager.Services\BlockBase.Dapps.CloudManager.Services.csproj", "{9025C1F9-43A4-468E-88BD-029A062117B4}"
EndProject
Project("{9A19103F-16F7-4668-BE54-9A1E7A4F7556}") = "BlockBase.Dapps.CloudManager.Data", "BlockBase.Dapps.CloudManager.Data\BlockBase.Dapps.CloudManager.Data.csproj", "{1E85048B-2F79-4F87-83A2-B5C9207AC9BB}"
EndProject
Project("{9A19103F-16F7-4668-BE54-9A1E7A4F7556}") = "BlockBase.Dapps.CloudManager.DataAccessLayer", "BlockBase.Dapps.CloudManager.DataAccessLayer\BlockBase.Dapps.CloudManager.DataAccessLayer.csproj", "{C75D1051-4DC5-4935-9E2F-B62A85EFFA43}"
EndProject
Project("{9A19103F-16F7-4668-BE54-9A1E7A4F7556}") = "BlockBase.Dapps.CloudManager.Business", "BlockBase.Dapps.CloudManager.Business\BlockBase.Dapps.CloudManager.Business.csproj", "{BE661362-BD23-488D-B159-D2A4C6F1D96D}"
EndProject
Project("{FAE04EC0-301F-11D3-BF4B-00C04F79EFBC}") = "UnitTests", "UnitTests\UnitTests.csproj", "{B9FF1415-851C-4197-B823-50BCCC87F379}"
EndProject
Global
	GlobalSection(SolutionConfigurationPlatforms) = preSolution
		Debug|Any CPU = Debug|Any CPU
		Release|Any CPU = Release|Any CPU
	EndGlobalSection
	GlobalSection(ProjectConfigurationPlatforms) = postSolution
		{7169017D-0DB2-4229-8761-E903177061F8}.Debug|Any CPU.ActiveCfg = Debug|Any CPU
		{7169017D-0DB2-4229-8761-E903177061F8}.Debug|Any CPU.Build.0 = Debug|Any CPU
		{7169017D-0DB2-4229-8761-E903177061F8}.Release|Any CPU.ActiveCfg = Release|Any CPU
		{7169017D-0DB2-4229-8761-E903177061F8}.Release|Any CPU.Build.0 = Release|Any CPU
		{3EF71A59-FB1B-429A-88F3-75E21D19AE08}.Debug|Any CPU.ActiveCfg = Debug|Any CPU
		{3EF71A59-FB1B-429A-88F3-75E21D19AE08}.Debug|Any CPU.Build.0 = Debug|Any CPU
		{3EF71A59-FB1B-429A-88F3-75E21D19AE08}.Release|Any CPU.ActiveCfg = Release|Any CPU
		{3EF71A59-FB1B-429A-88F3-75E21D19AE08}.Release|Any CPU.Build.0 = Release|Any CPU
		{9025C1F9-43A4-468E-88BD-029A062117B4}.Debug|Any CPU.ActiveCfg = Debug|Any CPU
		{9025C1F9-43A4-468E-88BD-029A062117B4}.Debug|Any CPU.Build.0 = Debug|Any CPU
		{9025C1F9-43A4-468E-88BD-029A062117B4}.Release|Any CPU.ActiveCfg = Release|Any CPU
		{9025C1F9-43A4-468E-88BD-029A062117B4}.Release|Any CPU.Build.0 = Release|Any CPU
		{1E85048B-2F79-4F87-83A2-B5C9207AC9BB}.Debug|Any CPU.ActiveCfg = Debug|Any CPU
		{1E85048B-2F79-4F87-83A2-B5C9207AC9BB}.Debug|Any CPU.Build.0 = Debug|Any CPU
		{1E85048B-2F79-4F87-83A2-B5C9207AC9BB}.Release|Any CPU.ActiveCfg = Release|Any CPU
		{1E85048B-2F79-4F87-83A2-B5C9207AC9BB}.Release|Any CPU.Build.0 = Release|Any CPU
		{C75D1051-4DC5-4935-9E2F-B62A85EFFA43}.Debug|Any CPU.ActiveCfg = Debug|Any CPU
		{C75D1051-4DC5-4935-9E2F-B62A85EFFA43}.Debug|Any CPU.Build.0 = Debug|Any CPU
		{C75D1051-4DC5-4935-9E2F-B62A85EFFA43}.Release|Any CPU.ActiveCfg = Release|Any CPU
		{C75D1051-4DC5-4935-9E2F-B62A85EFFA43}.Release|Any CPU.Build.0 = Release|Any CPU
		{BE661362-BD23-488D-B159-D2A4C6F1D96D}.Debug|Any CPU.ActiveCfg = Debug|Any CPU
		{BE661362-BD23-488D-B159-D2A4C6F1D96D}.Debug|Any CPU.Build.0 = Debug|Any CPU
		{BE661362-BD23-488D-B159-D2A4C6F1D96D}.Release|Any CPU.ActiveCfg = Release|Any CPU
		{BE661362-BD23-488D-B159-D2A4C6F1D96D}.Release|Any CPU.Build.0 = Release|Any CPU
		{B9FF1415-851C-4197-B823-50BCCC87F379}.Debug|Any CPU.ActiveCfg = Debug|Any CPU
		{B9FF1415-851C-4197-B823-50BCCC87F379}.Debug|Any CPU.Build.0 = Debug|Any CPU
		{B9FF1415-851C-4197-B823-50BCCC87F379}.Release|Any CPU.ActiveCfg = Release|Any CPU
		{B9FF1415-851C-4197-B823-50BCCC87F379}.Release|Any CPU.Build.0 = Release|Any CPU
	EndGlobalSection
	GlobalSection(SolutionProperties) = preSolution
		HideSolutionNode = FALSE
	EndGlobalSection
	GlobalSection(ExtensibilityGlobals) = postSolution
		SolutionGuid = {BE0724F8-632B-4F89-B5A3-B66ED9FC9246}
	EndGlobalSection
EndGlobal
