
Microsoft Visual Studio Solution File, Format Version 12.00
# Visual Studio Version 16
VisualStudioVersion = 16.0.30804.86
MinimumVisualStudioVersion = 10.0.40219.1
Project("{FAE04EC0-301F-11D3-BF4B-00C04F79EFBC}") = "BlockBase.Dapps.CloudManager.Utils", "BlockBase.Dapps.CloudManager.Utils\BlockBase.Dapps.CloudManager.Utils.csproj", "{7169017D-0DB2-4229-8761-E903177061F8}"
EndProject
Global
	GlobalSection(SolutionConfigurationPlatforms) = preSolution
		Debug|Any CPU = Debug|Any CPU
		Release|Any CPU = Release|Any CPU
	EndGlobalSection
	GlobalSection(ProjectConfigurationPlatforms) = postSolution
		{7169017D-0DB2-4229-8761-E903177061F8}.Debug|Any CPU.ActiveCfg = Debug|Any CPU
		{7169017D-0DB2-4229-8761-E903177061F8}.Debug|Any CPU.Build.0 = Debug|Any CPU
		{7169017D-0DB2-4229-8761-E903177061F8}.Release|Any CPU.ActiveCfg = Release|Any CPU
		{7169017D-0DB2-4229-8761-E903177061F8}.Release|Any CPU.Build.0 = Release|Any CPU
	EndGlobalSection
	GlobalSection(SolutionProperties) = preSolution
		HideSolutionNode = FALSE
	EndGlobalSection
	GlobalSection(ExtensibilityGlobals) = postSolution
		SolutionGuid = {BE0724F8-632B-4F89-B5A3-B66ED9FC9246}
	EndGlobalSection
EndGlobal
